
Microsoft Visual Studio Solution File, Format Version 12.00
# Visual Studio 15
VisualStudioVersion = 15.0.26430.12
MinimumVisualStudioVersion = 10.0.40219.1
Project("{D954291E-2A0B-460D-934E-DC6B0785DB48}") = "HelloWorld", "HelloWorld\HelloWorld\HelloWorld.shproj", "{B1B8E453-C2CF-4C9E-8275-475C0D2647C6}"
EndProject
Project("{FAE04EC0-301F-11D3-BF4B-00C04F79EFBC}") = "HelloWorld.Android", "HelloWorld\HelloWorld.Android\HelloWorld.Android.csproj", "{70EF8387-B253-42B3-B2F0-152C0392241A}"
EndProject
Project("{FAE04EC0-301F-11D3-BF4B-00C04F79EFBC}") = "HelloWorld.iOS", "HelloWorld\HelloWorld.iOS\HelloWorld.iOS.csproj", "{40E203F8-25BB-4556-A838-B666A5245807}"
EndProject
Project("{FAE04EC0-301F-11D3-BF4B-00C04F79EFBC}") = "HelloWorld.UWP", "HelloWorld\HelloWorld.UWP\HelloWorld.UWP.csproj", "{AA9D8E5D-D4C9-490E-95B6-1C2349DD358F}"
EndProject
Global
	GlobalSection(SharedMSBuildProjectFiles) = preSolution
		HelloWorld\HelloWorld\HelloWorld.projitems*{40e203f8-25bb-4556-a838-b666a5245807}*SharedItemsImports = 4
		HelloWorld\HelloWorld\HelloWorld.projitems*{70ef8387-b253-42b3-b2f0-152c0392241a}*SharedItemsImports = 4
		HelloWorld\HelloWorld\HelloWorld.projitems*{aa9d8e5d-d4c9-490e-95b6-1c2349dd358f}*SharedItemsImports = 4
		HelloWorld\HelloWorld\HelloWorld.projitems*{b1b8e453-c2cf-4c9e-8275-475c0d2647c6}*SharedItemsImports = 13
	EndGlobalSection
	GlobalSection(SolutionConfigurationPlatforms) = preSolution
		Ad-Hoc|Any CPU = Ad-Hoc|Any CPU
		Ad-Hoc|ARM = Ad-Hoc|ARM
		Ad-Hoc|iPhone = Ad-Hoc|iPhone
		Ad-Hoc|iPhoneSimulator = Ad-Hoc|iPhoneSimulator
		Ad-Hoc|x64 = Ad-Hoc|x64
		Ad-Hoc|x86 = Ad-Hoc|x86
		AppStore|Any CPU = AppStore|Any CPU
		AppStore|ARM = AppStore|ARM
		AppStore|iPhone = AppStore|iPhone
		AppStore|iPhoneSimulator = AppStore|iPhoneSimulator
		AppStore|x64 = AppStore|x64
		AppStore|x86 = AppStore|x86
		Debug|Any CPU = Debug|Any CPU
		Debug|ARM = Debug|ARM
		Debug|iPhone = Debug|iPhone
		Debug|iPhoneSimulator = Debug|iPhoneSimulator
		Debug|x64 = Debug|x64
		Debug|x86 = Debug|x86
		Release|Any CPU = Release|Any CPU
		Release|ARM = Release|ARM
		Release|iPhone = Release|iPhone
		Release|iPhoneSimulator = Release|iPhoneSimulator
		Release|x64 = Release|x64
		Release|x86 = Release|x86
	EndGlobalSection
	GlobalSection(ProjectConfigurationPlatforms) = postSolution
		{70EF8387-B253-42B3-B2F0-152C0392241A}.Ad-Hoc|Any CPU.ActiveCfg = Release|Any CPU
		{70EF8387-B253-42B3-B2F0-152C0392241A}.Ad-Hoc|Any CPU.Build.0 = Release|Any CPU
		{70EF8387-B253-42B3-B2F0-152C0392241A}.Ad-Hoc|Any CPU.Deploy.0 = Release|Any CPU
		{70EF8387-B253-42B3-B2F0-152C0392241A}.Ad-Hoc|ARM.ActiveCfg = Release|Any CPU
		{70EF8387-B253-42B3-B2F0-152C0392241A}.Ad-Hoc|ARM.Build.0 = Release|Any CPU
		{70EF8387-B253-42B3-B2F0-152C0392241A}.Ad-Hoc|ARM.Deploy.0 = Release|Any CPU
		{70EF8387-B253-42B3-B2F0-152C0392241A}.Ad-Hoc|iPhone.ActiveCfg = Release|Any CPU
		{70EF8387-B253-42B3-B2F0-152C0392241A}.Ad-Hoc|iPhone.Build.0 = Release|Any CPU
		{70EF8387-B253-42B3-B2F0-152C0392241A}.Ad-Hoc|iPhone.Deploy.0 = Release|Any CPU
		{70EF8387-B253-42B3-B2F0-152C0392241A}.Ad-Hoc|iPhoneSimulator.ActiveCfg = Release|Any CPU
		{70EF8387-B253-42B3-B2F0-152C0392241A}.Ad-Hoc|iPhoneSimulator.Build.0 = Release|Any CPU
		{70EF8387-B253-42B3-B2F0-152C0392241A}.Ad-Hoc|iPhoneSimulator.Deploy.0 = Release|Any CPU
		{70EF8387-B253-42B3-B2F0-152C0392241A}.Ad-Hoc|x64.ActiveCfg = Release|Any CPU
		{70EF8387-B253-42B3-B2F0-152C0392241A}.Ad-Hoc|x64.Build.0 = Release|Any CPU
		{70EF8387-B253-42B3-B2F0-152C0392241A}.Ad-Hoc|x64.Deploy.0 = Release|Any CPU
		{70EF8387-B253-42B3-B2F0-152C0392241A}.Ad-Hoc|x86.ActiveCfg = Release|Any CPU
		{70EF8387-B253-42B3-B2F0-152C0392241A}.Ad-Hoc|x86.Build.0 = Release|Any CPU
		{70EF8387-B253-42B3-B2F0-152C0392241A}.Ad-Hoc|x86.Deploy.0 = Release|Any CPU
		{70EF8387-B253-42B3-B2F0-152C0392241A}.AppStore|Any CPU.ActiveCfg = Release|Any CPU
		{70EF8387-B253-42B3-B2F0-152C0392241A}.AppStore|Any CPU.Build.0 = Release|Any CPU
		{70EF8387-B253-42B3-B2F0-152C0392241A}.AppStore|Any CPU.Deploy.0 = Release|Any CPU
		{70EF8387-B253-42B3-B2F0-152C0392241A}.AppStore|ARM.ActiveCfg = Release|Any CPU
		{70EF8387-B253-42B3-B2F0-152C0392241A}.AppStore|ARM.Build.0 = Release|Any CPU
		{70EF8387-B253-42B3-B2F0-152C0392241A}.AppStore|ARM.Deploy.0 = Release|Any CPU
		{70EF8387-B253-42B3-B2F0-152C0392241A}.AppStore|iPhone.ActiveCfg = Release|Any CPU
		{70EF8387-B253-42B3-B2F0-152C0392241A}.AppStore|iPhone.Build.0 = Release|Any CPU
		{70EF8387-B253-42B3-B2F0-152C0392241A}.AppStore|iPhone.Deploy.0 = Release|Any CPU
		{70EF8387-B253-42B3-B2F0-152C0392241A}.AppStore|iPhoneSimulator.ActiveCfg = Release|Any CPU
		{70EF8387-B253-42B3-B2F0-152C0392241A}.AppStore|iPhoneSimulator.Build.0 = Release|Any CPU
		{70EF8387-B253-42B3-B2F0-152C0392241A}.AppStore|iPhoneSimulator.Deploy.0 = Release|Any CPU
		{70EF8387-B253-42B3-B2F0-152C0392241A}.AppStore|x64.ActiveCfg = Release|Any CPU
		{70EF8387-B253-42B3-B2F0-152C0392241A}.AppStore|x64.Build.0 = Release|Any CPU
		{70EF8387-B253-42B3-B2F0-152C0392241A}.AppStore|x64.Deploy.0 = Release|Any CPU
		{70EF8387-B253-42B3-B2F0-152C0392241A}.AppStore|x86.ActiveCfg = Release|Any CPU
		{70EF8387-B253-42B3-B2F0-152C0392241A}.AppStore|x86.Build.0 = Release|Any CPU
		{70EF8387-B253-42B3-B2F0-152C0392241A}.AppStore|x86.Deploy.0 = Release|Any CPU
		{70EF8387-B253-42B3-B2F0-152C0392241A}.Debug|Any CPU.ActiveCfg = Debug|Any CPU
		{70EF8387-B253-42B3-B2F0-152C0392241A}.Debug|Any CPU.Build.0 = Debug|Any CPU
		{70EF8387-B253-42B3-B2F0-152C0392241A}.Debug|Any CPU.Deploy.0 = Debug|Any CPU
		{70EF8387-B253-42B3-B2F0-152C0392241A}.Debug|ARM.ActiveCfg = Debug|Any CPU
		{70EF8387-B253-42B3-B2F0-152C0392241A}.Debug|ARM.Build.0 = Debug|Any CPU
		{70EF8387-B253-42B3-B2F0-152C0392241A}.Debug|ARM.Deploy.0 = Debug|Any CPU
		{70EF8387-B253-42B3-B2F0-152C0392241A}.Debug|iPhone.ActiveCfg = Debug|Any CPU
		{70EF8387-B253-42B3-B2F0-152C0392241A}.Debug|iPhone.Build.0 = Debug|Any CPU
		{70EF8387-B253-42B3-B2F0-152C0392241A}.Debug|iPhone.Deploy.0 = Debug|Any CPU
		{70EF8387-B253-42B3-B2F0-152C0392241A}.Debug|iPhoneSimulator.ActiveCfg = Debug|Any CPU
		{70EF8387-B253-42B3-B2F0-152C0392241A}.Debug|iPhoneSimulator.Build.0 = Debug|Any CPU
		{70EF8387-B253-42B3-B2F0-152C0392241A}.Debug|iPhoneSimulator.Deploy.0 = Debug|Any CPU
		{70EF8387-B253-42B3-B2F0-152C0392241A}.Debug|x64.ActiveCfg = Debug|Any CPU
		{70EF8387-B253-42B3-B2F0-152C0392241A}.Debug|x64.Build.0 = Debug|Any CPU
		{70EF8387-B253-42B3-B2F0-152C0392241A}.Debug|x64.Deploy.0 = Debug|Any CPU
		{70EF8387-B253-42B3-B2F0-152C0392241A}.Debug|x86.ActiveCfg = Debug|Any CPU
		{70EF8387-B253-42B3-B2F0-152C0392241A}.Debug|x86.Build.0 = Debug|Any CPU
		{70EF8387-B253-42B3-B2F0-152C0392241A}.Debug|x86.Deploy.0 = Debug|Any CPU
		{70EF8387-B253-42B3-B2F0-152C0392241A}.Release|Any CPU.ActiveCfg = Release|Any CPU
		{70EF8387-B253-42B3-B2F0-152C0392241A}.Release|Any CPU.Build.0 = Release|Any CPU
		{70EF8387-B253-42B3-B2F0-152C0392241A}.Release|Any CPU.Deploy.0 = Release|Any CPU
		{70EF8387-B253-42B3-B2F0-152C0392241A}.Release|ARM.ActiveCfg = Release|Any CPU
		{70EF8387-B253-42B3-B2F0-152C0392241A}.Release|ARM.Build.0 = Release|Any CPU
		{70EF8387-B253-42B3-B2F0-152C0392241A}.Release|ARM.Deploy.0 = Release|Any CPU
		{70EF8387-B253-42B3-B2F0-152C0392241A}.Release|iPhone.ActiveCfg = Release|Any CPU
		{70EF8387-B253-42B3-B2F0-152C0392241A}.Release|iPhone.Build.0 = Release|Any CPU
		{70EF8387-B253-42B3-B2F0-152C0392241A}.Release|iPhone.Deploy.0 = Release|Any CPU
		{70EF8387-B253-42B3-B2F0-152C0392241A}.Release|iPhoneSimulator.ActiveCfg = Release|Any CPU
		{70EF8387-B253-42B3-B2F0-152C0392241A}.Release|iPhoneSimulator.Build.0 = Release|Any CPU
		{70EF8387-B253-42B3-B2F0-152C0392241A}.Release|iPhoneSimulator.Deploy.0 = Release|Any CPU
		{70EF8387-B253-42B3-B2F0-152C0392241A}.Release|x64.ActiveCfg = Release|Any CPU
		{70EF8387-B253-42B3-B2F0-152C0392241A}.Release|x64.Build.0 = Release|Any CPU
		{70EF8387-B253-42B3-B2F0-152C0392241A}.Release|x64.Deploy.0 = Release|Any CPU
		{70EF8387-B253-42B3-B2F0-152C0392241A}.Release|x86.ActiveCfg = Release|Any CPU
		{70EF8387-B253-42B3-B2F0-152C0392241A}.Release|x86.Build.0 = Release|Any CPU
		{70EF8387-B253-42B3-B2F0-152C0392241A}.Release|x86.Deploy.0 = Release|Any CPU
		{40E203F8-25BB-4556-A838-B666A5245807}.Ad-Hoc|Any CPU.ActiveCfg = Ad-Hoc|iPhone
		{40E203F8-25BB-4556-A838-B666A5245807}.Ad-Hoc|ARM.ActiveCfg = Ad-Hoc|iPhone
		{40E203F8-25BB-4556-A838-B666A5245807}.Ad-Hoc|iPhone.ActiveCfg = Ad-Hoc|iPhone
		{40E203F8-25BB-4556-A838-B666A5245807}.Ad-Hoc|iPhone.Build.0 = Ad-Hoc|iPhone
		{40E203F8-25BB-4556-A838-B666A5245807}.Ad-Hoc|iPhoneSimulator.ActiveCfg = Ad-Hoc|iPhoneSimulator
		{40E203F8-25BB-4556-A838-B666A5245807}.Ad-Hoc|iPhoneSimulator.Build.0 = Ad-Hoc|iPhoneSimulator
		{40E203F8-25BB-4556-A838-B666A5245807}.Ad-Hoc|x64.ActiveCfg = Ad-Hoc|iPhone
		{40E203F8-25BB-4556-A838-B666A5245807}.Ad-Hoc|x86.ActiveCfg = Ad-Hoc|iPhone
		{40E203F8-25BB-4556-A838-B666A5245807}.AppStore|Any CPU.ActiveCfg = AppStore|iPhone
		{40E203F8-25BB-4556-A838-B666A5245807}.AppStore|ARM.ActiveCfg = AppStore|iPhone
		{40E203F8-25BB-4556-A838-B666A5245807}.AppStore|iPhone.ActiveCfg = AppStore|iPhone
		{40E203F8-25BB-4556-A838-B666A5245807}.AppStore|iPhone.Build.0 = AppStore|iPhone
		{40E203F8-25BB-4556-A838-B666A5245807}.AppStore|iPhoneSimulator.ActiveCfg = AppStore|iPhoneSimulator
		{40E203F8-25BB-4556-A838-B666A5245807}.AppStore|iPhoneSimulator.Build.0 = AppStore|iPhoneSimulator
		{40E203F8-25BB-4556-A838-B666A5245807}.AppStore|x64.ActiveCfg = AppStore|iPhone
		{40E203F8-25BB-4556-A838-B666A5245807}.AppStore|x86.ActiveCfg = AppStore|iPhone
		{40E203F8-25BB-4556-A838-B666A5245807}.Debug|Any CPU.ActiveCfg = Debug|iPhone
		{40E203F8-25BB-4556-A838-B666A5245807}.Debug|ARM.ActiveCfg = Debug|iPhone
		{40E203F8-25BB-4556-A838-B666A5245807}.Debug|iPhone.ActiveCfg = Debug|iPhone
		{40E203F8-25BB-4556-A838-B666A5245807}.Debug|iPhone.Build.0 = Debug|iPhone
		{40E203F8-25BB-4556-A838-B666A5245807}.Debug|iPhoneSimulator.ActiveCfg = Debug|iPhoneSimulator
		{40E203F8-25BB-4556-A838-B666A5245807}.Debug|iPhoneSimulator.Build.0 = Debug|iPhoneSimulator
		{40E203F8-25BB-4556-A838-B666A5245807}.Debug|x64.ActiveCfg = Debug|iPhone
		{40E203F8-25BB-4556-A838-B666A5245807}.Debug|x86.ActiveCfg = Debug|iPhone
		{40E203F8-25BB-4556-A838-B666A5245807}.Release|Any CPU.ActiveCfg = Release|iPhone
		{40E203F8-25BB-4556-A838-B666A5245807}.Release|ARM.ActiveCfg = Release|iPhone
		{40E203F8-25BB-4556-A838-B666A5245807}.Release|iPhone.ActiveCfg = Release|iPhone
		{40E203F8-25BB-4556-A838-B666A5245807}.Release|iPhone.Build.0 = Release|iPhone
		{40E203F8-25BB-4556-A838-B666A5245807}.Release|iPhoneSimulator.ActiveCfg = Release|iPhoneSimulator
		{40E203F8-25BB-4556-A838-B666A5245807}.Release|iPhoneSimulator.Build.0 = Release|iPhoneSimulator
		{40E203F8-25BB-4556-A838-B666A5245807}.Release|x64.ActiveCfg = Release|iPhone
		{40E203F8-25BB-4556-A838-B666A5245807}.Release|x86.ActiveCfg = Release|iPhone
		{AA9D8E5D-D4C9-490E-95B6-1C2349DD358F}.Ad-Hoc|Any CPU.ActiveCfg = Release|x86
		{AA9D8E5D-D4C9-490E-95B6-1C2349DD358F}.Ad-Hoc|Any CPU.Build.0 = Release|x86
		{AA9D8E5D-D4C9-490E-95B6-1C2349DD358F}.Ad-Hoc|Any CPU.Deploy.0 = Release|x86
		{AA9D8E5D-D4C9-490E-95B6-1C2349DD358F}.Ad-Hoc|ARM.ActiveCfg = Release|ARM
		{AA9D8E5D-D4C9-490E-95B6-1C2349DD358F}.Ad-Hoc|ARM.Build.0 = Release|ARM
		{AA9D8E5D-D4C9-490E-95B6-1C2349DD358F}.Ad-Hoc|ARM.Deploy.0 = Release|ARM
		{AA9D8E5D-D4C9-490E-95B6-1C2349DD358F}.Ad-Hoc|iPhone.ActiveCfg = Release|x86
		{AA9D8E5D-D4C9-490E-95B6-1C2349DD358F}.Ad-Hoc|iPhone.Build.0 = Release|x86
		{AA9D8E5D-D4C9-490E-95B6-1C2349DD358F}.Ad-Hoc|iPhone.Deploy.0 = Release|x86
		{AA9D8E5D-D4C9-490E-95B6-1C2349DD358F}.Ad-Hoc|iPhoneSimulator.ActiveCfg = Release|x86
		{AA9D8E5D-D4C9-490E-95B6-1C2349DD358F}.Ad-Hoc|iPhoneSimulator.Build.0 = Release|x86
		{AA9D8E5D-D4C9-490E-95B6-1C2349DD358F}.Ad-Hoc|iPhoneSimulator.Deploy.0 = Release|x86
		{AA9D8E5D-D4C9-490E-95B6-1C2349DD358F}.Ad-Hoc|x64.ActiveCfg = Release|x64
		{AA9D8E5D-D4C9-490E-95B6-1C2349DD358F}.Ad-Hoc|x64.Build.0 = Release|x64
		{AA9D8E5D-D4C9-490E-95B6-1C2349DD358F}.Ad-Hoc|x64.Deploy.0 = Release|x64
		{AA9D8E5D-D4C9-490E-95B6-1C2349DD358F}.Ad-Hoc|x86.ActiveCfg = Release|x86
		{AA9D8E5D-D4C9-490E-95B6-1C2349DD358F}.Ad-Hoc|x86.Build.0 = Release|x86
		{AA9D8E5D-D4C9-490E-95B6-1C2349DD358F}.Ad-Hoc|x86.Deploy.0 = Release|x86
		{AA9D8E5D-D4C9-490E-95B6-1C2349DD358F}.AppStore|Any CPU.ActiveCfg = Release|x86
		{AA9D8E5D-D4C9-490E-95B6-1C2349DD358F}.AppStore|Any CPU.Build.0 = Release|x86
		{AA9D8E5D-D4C9-490E-95B6-1C2349DD358F}.AppStore|Any CPU.Deploy.0 = Release|x86
		{AA9D8E5D-D4C9-490E-95B6-1C2349DD358F}.AppStore|ARM.ActiveCfg = Release|ARM
		{AA9D8E5D-D4C9-490E-95B6-1C2349DD358F}.AppStore|ARM.Build.0 = Release|ARM
		{AA9D8E5D-D4C9-490E-95B6-1C2349DD358F}.AppStore|ARM.Deploy.0 = Release|ARM
		{AA9D8E5D-D4C9-490E-95B6-1C2349DD358F}.AppStore|iPhone.ActiveCfg = Release|x86
		{AA9D8E5D-D4C9-490E-95B6-1C2349DD358F}.AppStore|iPhone.Build.0 = Release|x86
		{AA9D8E5D-D4C9-490E-95B6-1C2349DD358F}.AppStore|iPhone.Deploy.0 = Release|x86
		{AA9D8E5D-D4C9-490E-95B6-1C2349DD358F}.AppStore|iPhoneSimulator.ActiveCfg = Release|x86
		{AA9D8E5D-D4C9-490E-95B6-1C2349DD358F}.AppStore|iPhoneSimulator.Build.0 = Release|x86
		{AA9D8E5D-D4C9-490E-95B6-1C2349DD358F}.AppStore|iPhoneSimulator.Deploy.0 = Release|x86
		{AA9D8E5D-D4C9-490E-95B6-1C2349DD358F}.AppStore|x64.ActiveCfg = Release|x64
		{AA9D8E5D-D4C9-490E-95B6-1C2349DD358F}.AppStore|x64.Build.0 = Release|x64
		{AA9D8E5D-D4C9-490E-95B6-1C2349DD358F}.AppStore|x64.Deploy.0 = Release|x64
		{AA9D8E5D-D4C9-490E-95B6-1C2349DD358F}.AppStore|x86.ActiveCfg = Release|x86
		{AA9D8E5D-D4C9-490E-95B6-1C2349DD358F}.AppStore|x86.Build.0 = Release|x86
		{AA9D8E5D-D4C9-490E-95B6-1C2349DD358F}.AppStore|x86.Deploy.0 = Release|x86
		{AA9D8E5D-D4C9-490E-95B6-1C2349DD358F}.Debug|Any CPU.ActiveCfg = Debug|x86
		{AA9D8E5D-D4C9-490E-95B6-1C2349DD358F}.Debug|ARM.ActiveCfg = Debug|ARM
		{AA9D8E5D-D4C9-490E-95B6-1C2349DD358F}.Debug|ARM.Build.0 = Debug|ARM
		{AA9D8E5D-D4C9-490E-95B6-1C2349DD358F}.Debug|ARM.Deploy.0 = Debug|ARM
		{AA9D8E5D-D4C9-490E-95B6-1C2349DD358F}.Debug|iPhone.ActiveCfg = Debug|x86
		{AA9D8E5D-D4C9-490E-95B6-1C2349DD358F}.Debug|iPhoneSimulator.ActiveCfg = Debug|x86
		{AA9D8E5D-D4C9-490E-95B6-1C2349DD358F}.Debug|x64.ActiveCfg = Debug|x64
		{AA9D8E5D-D4C9-490E-95B6-1C2349DD358F}.Debug|x64.Build.0 = Debug|x64
		{AA9D8E5D-D4C9-490E-95B6-1C2349DD358F}.Debug|x64.Deploy.0 = Debug|x64
		{AA9D8E5D-D4C9-490E-95B6-1C2349DD358F}.Debug|x86.ActiveCfg = Debug|x86
		{AA9D8E5D-D4C9-490E-95B6-1C2349DD358F}.Debug|x86.Build.0 = Debug|x86
		{AA9D8E5D-D4C9-490E-95B6-1C2349DD358F}.Debug|x86.Deploy.0 = Debug|x86
		{AA9D8E5D-D4C9-490E-95B6-1C2349DD358F}.Release|Any CPU.ActiveCfg = Release|x86
		{AA9D8E5D-D4C9-490E-95B6-1C2349DD358F}.Release|ARM.ActiveCfg = Release|ARM
		{AA9D8E5D-D4C9-490E-95B6-1C2349DD358F}.Release|ARM.Build.0 = Release|ARM
		{AA9D8E5D-D4C9-490E-95B6-1C2349DD358F}.Release|ARM.Deploy.0 = Release|ARM
		{AA9D8E5D-D4C9-490E-95B6-1C2349DD358F}.Release|iPhone.ActiveCfg = Release|x86
		{AA9D8E5D-D4C9-490E-95B6-1C2349DD358F}.Release|iPhoneSimulator.ActiveCfg = Release|x86
		{AA9D8E5D-D4C9-490E-95B6-1C2349DD358F}.Release|x64.ActiveCfg = Release|x64
		{AA9D8E5D-D4C9-490E-95B6-1C2349DD358F}.Release|x64.Build.0 = Release|x64
		{AA9D8E5D-D4C9-490E-95B6-1C2349DD358F}.Release|x64.Deploy.0 = Release|x64
		{AA9D8E5D-D4C9-490E-95B6-1C2349DD358F}.Release|x86.ActiveCfg = Release|x86
		{AA9D8E5D-D4C9-490E-95B6-1C2349DD358F}.Release|x86.Build.0 = Release|x86
		{AA9D8E5D-D4C9-490E-95B6-1C2349DD358F}.Release|x86.Deploy.0 = Release|x86
	EndGlobalSection
	GlobalSection(SolutionProperties) = preSolution
		HideSolutionNode = FALSE
	EndGlobalSection
EndGlobal
